
Microsoft Visual Studio Solution File, Format Version 11.00
# Visual Studio 2010
Project("{FAE04EC0-301F-11D3-BF4B-00C04F79EFBC}") = "MyStory", "MyStory\MyStory.csproj", "{D8982AFA-21A5-4450-9AAE-2006C5FBB3B2}"
EndProject
Project("{FAE04EC0-301F-11D3-BF4B-00C04F79EFBC}") = "MyStory.Tests", "MyStory.Tests\MyStory.Tests.csproj", "{139B4621-C10A-443B-A48C-B13B988B2863}"
EndProject
Global
	GlobalSection(SolutionConfigurationPlatforms) = preSolution
		Debug|Any CPU = Debug|Any CPU
		Release|Any CPU = Release|Any CPU
	EndGlobalSection
	GlobalSection(ProjectConfigurationPlatforms) = postSolution
		{D8982AFA-21A5-4450-9AAE-2006C5FBB3B2}.Debug|Any CPU.ActiveCfg = Debug|Any CPU
		{D8982AFA-21A5-4450-9AAE-2006C5FBB3B2}.Debug|Any CPU.Build.0 = Debug|Any CPU
		{D8982AFA-21A5-4450-9AAE-2006C5FBB3B2}.Release|Any CPU.ActiveCfg = Release|Any CPU
		{D8982AFA-21A5-4450-9AAE-2006C5FBB3B2}.Release|Any CPU.Build.0 = Release|Any CPU
		{139B4621-C10A-443B-A48C-B13B988B2863}.Debug|Any CPU.ActiveCfg = Debug|Any CPU
		{139B4621-C10A-443B-A48C-B13B988B2863}.Debug|Any CPU.Build.0 = Debug|Any CPU
		{139B4621-C10A-443B-A48C-B13B988B2863}.Release|Any CPU.ActiveCfg = Release|Any CPU
		{139B4621-C10A-443B-A48C-B13B988B2863}.Release|Any CPU.Build.0 = Release|Any CPU
	EndGlobalSection
	GlobalSection(SolutionProperties) = preSolution
		HideSolutionNode = FALSE
	EndGlobalSection
EndGlobal
